
Microsoft Visual Studio Solution File, Format Version 12.00
# Visual Studio Version 17
VisualStudioVersion = 17.8.34525.116
MinimumVisualStudioVersion = 10.0.40219.1
Project("{9A19103F-16F7-4668-BE54-9A1E7A4F7556}") = "DC.Bot", "src\Discord\DC.Bot\DC.Bot.csproj", "{67CB461F-B6F0-4D4B-BB10-B2D62C8F6818}"
EndProject
Project("{9A19103F-16F7-4668-BE54-9A1E7A4F7556}") = "Api", "src\Backend\Api\Api.csproj", "{6DD689BD-6074-439E-9420-A6B74814A695}"
EndProject
Project("{E53339B2-1760-4266-BCC7-CA923CBCF16C}") = "docker-compose", "deploy\docker-compose.dcproj", "{F9CD2A51-6C95-437C-A4DA-045191F6630F}"
EndProject
Project("{9A19103F-16F7-4668-BE54-9A1E7A4F7556}") = "Api.Contracts", "src\Backend\Api.Contracts\Api.Contracts.csproj", "{B25DF6D9-858E-4590-AD16-6F96A2937E3A}"
EndProject
Project("{9A19103F-16F7-4668-BE54-9A1E7A4F7556}") = "Queue.Contracts", "src\Common\Queue.Contracts\Queue.Contracts.csproj", "{468AB383-E75B-4CC5-A9A3-685BA672E58B}"
EndProject
Project("{9A19103F-16F7-4668-BE54-9A1E7A4F7556}") = "Domain", "src\Backend\Domain\Domain.csproj", "{08FCBC18-A252-4FA1-9FDB-C5496CA3D11D}"
EndProject
Project("{2150E333-8FDC-42A3-9474-1A3956D46DE8}") = "Backend", "Backend", "{82486ABB-8938-42BE-9229-5A3ECA6829CA}"
EndProject
Project("{2150E333-8FDC-42A3-9474-1A3956D46DE8}") = "Eval", "Eval", "{7F5B5EDA-6EEF-41C9-90DF-405B602ED1E1}"
EndProject
Project("{2150E333-8FDC-42A3-9474-1A3956D46DE8}") = "Discord", "Discord", "{1DA5688F-35AF-400B-BBED-AA0A477CF6CD}"
EndProject
Project("{9A19103F-16F7-4668-BE54-9A1E7A4F7556}") = "Domain.Shared", "src\Common\Domain.Shared\Domain.Shared.csproj", "{4482ABAD-5E4F-420D-817D-041CEA3878ED}"
EndProject
Project("{2150E333-8FDC-42A3-9474-1A3956D46DE8}") = "Telegram", "Telegram", "{FC99E733-6865-4BB5-8F86-8023F465E929}"
EndProject
Project("{9A19103F-16F7-4668-BE54-9A1E7A4F7556}") = "TG.Bot", "src\Telegram\TG.Bot\TG.Bot.csproj", "{16C37BFB-9064-474A-9D10-67F9017639D1}"
EndProject
Project("{2150E333-8FDC-42A3-9474-1A3956D46DE8}") = "Common", "Common", "{414E73D5-B362-4995-8E22-F818235B9BF0}"
EndProject
Project("{2150E333-8FDC-42A3-9474-1A3956D46DE8}") = "src", "src", "{DD44B4D0-2DA0-4752-BC43-E1F303273CA3}"
EndProject
Project("{2150E333-8FDC-42A3-9474-1A3956D46DE8}") = "deploy", "deploy", "{84A03073-A920-4EEA-A670-3DF3AF026C92}"
EndProject
Project("{9A19103F-16F7-4668-BE54-9A1E7A4F7556}") = "Eval.Api", "src\Eval\Eval.Api\Eval.Api.csproj", "{2E09E651-2787-4664-B261-6130B398F3BE}"
EndProject
Project("{9A19103F-16F7-4668-BE54-9A1E7A4F7556}") = "TelegramExtension", "src\Telegram\TelegramExtension\TelegramExtension.csproj", "{991FEC4C-F8C4-4EFF-AEB5-D0B56A3C5B6D}"
EndProject
Project("{2150E333-8FDC-42A3-9474-1A3956D46DE8}") = "TestingPlatform", "TestingPlatform", "{7DFD2213-3580-4C46-BFC8-1DF1BCFFF8B3}"
EndProject
Project("{9A19103F-16F7-4668-BE54-9A1E7A4F7556}") = "TestingPlatform.Domain", "src\TestingPlatform\TestingPlatform.Domain\TestingPlatform.Domain.csproj", "{086B644C-560C-4BB5-B8CA-9D852F332971}"
EndProject
Project("{9A19103F-16F7-4668-BE54-9A1E7A4F7556}") = "TestingPlatform.Api.Contracts", "src\TestingPlatform\TestingPlatform.Api.Contracts\TestingPlatform.Api.Contracts.csproj", "{6C791B82-7194-4FBE-BE5D-DCC571C710A9}"
EndProject
Project("{FAE04EC0-301F-11D3-BF4B-00C04F79EFBC}") = "TestingPlatform.Api", "src\TestingPlatform\TestingPlatform.Api\TestingPlatform.Api.csproj", "{40565F2F-25A7-4929-84D9-B7DA00CA8D10}"
EndProject
Global
	GlobalSection(SolutionConfigurationPlatforms) = preSolution
		Debug|Any CPU = Debug|Any CPU
		Release|Any CPU = Release|Any CPU
	EndGlobalSection
	GlobalSection(ProjectConfigurationPlatforms) = postSolution
		{67CB461F-B6F0-4D4B-BB10-B2D62C8F6818}.Debug|Any CPU.ActiveCfg = Debug|Any CPU
		{67CB461F-B6F0-4D4B-BB10-B2D62C8F6818}.Debug|Any CPU.Build.0 = Debug|Any CPU
		{67CB461F-B6F0-4D4B-BB10-B2D62C8F6818}.Release|Any CPU.ActiveCfg = Release|Any CPU
		{67CB461F-B6F0-4D4B-BB10-B2D62C8F6818}.Release|Any CPU.Build.0 = Release|Any CPU
		{6DD689BD-6074-439E-9420-A6B74814A695}.Debug|Any CPU.ActiveCfg = Debug|Any CPU
		{6DD689BD-6074-439E-9420-A6B74814A695}.Debug|Any CPU.Build.0 = Debug|Any CPU
		{6DD689BD-6074-439E-9420-A6B74814A695}.Release|Any CPU.ActiveCfg = Release|Any CPU
		{6DD689BD-6074-439E-9420-A6B74814A695}.Release|Any CPU.Build.0 = Release|Any CPU
		{F9CD2A51-6C95-437C-A4DA-045191F6630F}.Debug|Any CPU.ActiveCfg = Debug|Any CPU
		{F9CD2A51-6C95-437C-A4DA-045191F6630F}.Debug|Any CPU.Build.0 = Debug|Any CPU
		{F9CD2A51-6C95-437C-A4DA-045191F6630F}.Release|Any CPU.ActiveCfg = Release|Any CPU
		{F9CD2A51-6C95-437C-A4DA-045191F6630F}.Release|Any CPU.Build.0 = Release|Any CPU
		{B25DF6D9-858E-4590-AD16-6F96A2937E3A}.Debug|Any CPU.ActiveCfg = Debug|Any CPU
		{B25DF6D9-858E-4590-AD16-6F96A2937E3A}.Debug|Any CPU.Build.0 = Debug|Any CPU
		{B25DF6D9-858E-4590-AD16-6F96A2937E3A}.Release|Any CPU.ActiveCfg = Release|Any CPU
		{B25DF6D9-858E-4590-AD16-6F96A2937E3A}.Release|Any CPU.Build.0 = Release|Any CPU
		{468AB383-E75B-4CC5-A9A3-685BA672E58B}.Debug|Any CPU.ActiveCfg = Debug|Any CPU
		{468AB383-E75B-4CC5-A9A3-685BA672E58B}.Debug|Any CPU.Build.0 = Debug|Any CPU
		{468AB383-E75B-4CC5-A9A3-685BA672E58B}.Release|Any CPU.ActiveCfg = Release|Any CPU
		{468AB383-E75B-4CC5-A9A3-685BA672E58B}.Release|Any CPU.Build.0 = Release|Any CPU
		{08FCBC18-A252-4FA1-9FDB-C5496CA3D11D}.Debug|Any CPU.ActiveCfg = Debug|Any CPU
		{08FCBC18-A252-4FA1-9FDB-C5496CA3D11D}.Debug|Any CPU.Build.0 = Debug|Any CPU
		{08FCBC18-A252-4FA1-9FDB-C5496CA3D11D}.Release|Any CPU.ActiveCfg = Release|Any CPU
		{08FCBC18-A252-4FA1-9FDB-C5496CA3D11D}.Release|Any CPU.Build.0 = Release|Any CPU
		{4482ABAD-5E4F-420D-817D-041CEA3878ED}.Debug|Any CPU.ActiveCfg = Debug|Any CPU
		{4482ABAD-5E4F-420D-817D-041CEA3878ED}.Debug|Any CPU.Build.0 = Debug|Any CPU
		{4482ABAD-5E4F-420D-817D-041CEA3878ED}.Release|Any CPU.ActiveCfg = Release|Any CPU
		{4482ABAD-5E4F-420D-817D-041CEA3878ED}.Release|Any CPU.Build.0 = Release|Any CPU
		{16C37BFB-9064-474A-9D10-67F9017639D1}.Debug|Any CPU.ActiveCfg = Debug|Any CPU
		{16C37BFB-9064-474A-9D10-67F9017639D1}.Debug|Any CPU.Build.0 = Debug|Any CPU
		{16C37BFB-9064-474A-9D10-67F9017639D1}.Release|Any CPU.ActiveCfg = Release|Any CPU
		{16C37BFB-9064-474A-9D10-67F9017639D1}.Release|Any CPU.Build.0 = Release|Any CPU
		{2E09E651-2787-4664-B261-6130B398F3BE}.Debug|Any CPU.ActiveCfg = Debug|Any CPU
		{2E09E651-2787-4664-B261-6130B398F3BE}.Debug|Any CPU.Build.0 = Debug|Any CPU
		{2E09E651-2787-4664-B261-6130B398F3BE}.Release|Any CPU.ActiveCfg = Release|Any CPU
		{2E09E651-2787-4664-B261-6130B398F3BE}.Release|Any CPU.Build.0 = Release|Any CPU
		{991FEC4C-F8C4-4EFF-AEB5-D0B56A3C5B6D}.Debug|Any CPU.ActiveCfg = Debug|Any CPU
		{991FEC4C-F8C4-4EFF-AEB5-D0B56A3C5B6D}.Debug|Any CPU.Build.0 = Debug|Any CPU
		{991FEC4C-F8C4-4EFF-AEB5-D0B56A3C5B6D}.Release|Any CPU.ActiveCfg = Release|Any CPU
		{991FEC4C-F8C4-4EFF-AEB5-D0B56A3C5B6D}.Release|Any CPU.Build.0 = Release|Any CPU
		{086B644C-560C-4BB5-B8CA-9D852F332971}.Debug|Any CPU.ActiveCfg = Debug|Any CPU
		{086B644C-560C-4BB5-B8CA-9D852F332971}.Debug|Any CPU.Build.0 = Debug|Any CPU
		{086B644C-560C-4BB5-B8CA-9D852F332971}.Release|Any CPU.ActiveCfg = Release|Any CPU
		{086B644C-560C-4BB5-B8CA-9D852F332971}.Release|Any CPU.Build.0 = Release|Any CPU
		{6C791B82-7194-4FBE-BE5D-DCC571C710A9}.Debug|Any CPU.ActiveCfg = Debug|Any CPU
		{6C791B82-7194-4FBE-BE5D-DCC571C710A9}.Debug|Any CPU.Build.0 = Debug|Any CPU
		{6C791B82-7194-4FBE-BE5D-DCC571C710A9}.Release|Any CPU.ActiveCfg = Release|Any CPU
		{6C791B82-7194-4FBE-BE5D-DCC571C710A9}.Release|Any CPU.Build.0 = Release|Any CPU
		{40565F2F-25A7-4929-84D9-B7DA00CA8D10}.Debug|Any CPU.ActiveCfg = Debug|Any CPU
		{40565F2F-25A7-4929-84D9-B7DA00CA8D10}.Debug|Any CPU.Build.0 = Debug|Any CPU
		{40565F2F-25A7-4929-84D9-B7DA00CA8D10}.Release|Any CPU.ActiveCfg = Release|Any CPU
		{40565F2F-25A7-4929-84D9-B7DA00CA8D10}.Release|Any CPU.Build.0 = Release|Any CPU
	EndGlobalSection
	GlobalSection(SolutionProperties) = preSolution
		HideSolutionNode = FALSE
	EndGlobalSection
	GlobalSection(NestedProjects) = preSolution
		{67CB461F-B6F0-4D4B-BB10-B2D62C8F6818} = {1DA5688F-35AF-400B-BBED-AA0A477CF6CD}
		{6DD689BD-6074-439E-9420-A6B74814A695} = {82486ABB-8938-42BE-9229-5A3ECA6829CA}
		{F9CD2A51-6C95-437C-A4DA-045191F6630F} = {84A03073-A920-4EEA-A670-3DF3AF026C92}
		{B25DF6D9-858E-4590-AD16-6F96A2937E3A} = {82486ABB-8938-42BE-9229-5A3ECA6829CA}
		{468AB383-E75B-4CC5-A9A3-685BA672E58B} = {414E73D5-B362-4995-8E22-F818235B9BF0}
		{08FCBC18-A252-4FA1-9FDB-C5496CA3D11D} = {82486ABB-8938-42BE-9229-5A3ECA6829CA}
		{82486ABB-8938-42BE-9229-5A3ECA6829CA} = {DD44B4D0-2DA0-4752-BC43-E1F303273CA3}
		{7F5B5EDA-6EEF-41C9-90DF-405B602ED1E1} = {DD44B4D0-2DA0-4752-BC43-E1F303273CA3}
		{1DA5688F-35AF-400B-BBED-AA0A477CF6CD} = {DD44B4D0-2DA0-4752-BC43-E1F303273CA3}
		{4482ABAD-5E4F-420D-817D-041CEA3878ED} = {414E73D5-B362-4995-8E22-F818235B9BF0}
		{FC99E733-6865-4BB5-8F86-8023F465E929} = {DD44B4D0-2DA0-4752-BC43-E1F303273CA3}
		{16C37BFB-9064-474A-9D10-67F9017639D1} = {FC99E733-6865-4BB5-8F86-8023F465E929}
		{414E73D5-B362-4995-8E22-F818235B9BF0} = {DD44B4D0-2DA0-4752-BC43-E1F303273CA3}
		{2E09E651-2787-4664-B261-6130B398F3BE} = {7F5B5EDA-6EEF-41C9-90DF-405B602ED1E1}
		{991FEC4C-F8C4-4EFF-AEB5-D0B56A3C5B6D} = {FC99E733-6865-4BB5-8F86-8023F465E929}
		{7DFD2213-3580-4C46-BFC8-1DF1BCFFF8B3} = {DD44B4D0-2DA0-4752-BC43-E1F303273CA3}
		{086B644C-560C-4BB5-B8CA-9D852F332971} = {7DFD2213-3580-4C46-BFC8-1DF1BCFFF8B3}
		{6C791B82-7194-4FBE-BE5D-DCC571C710A9} = {7DFD2213-3580-4C46-BFC8-1DF1BCFFF8B3}
		{40565F2F-25A7-4929-84D9-B7DA00CA8D10} = {7DFD2213-3580-4C46-BFC8-1DF1BCFFF8B3}
	EndGlobalSection
	GlobalSection(ExtensibilityGlobals) = postSolution
		SolutionGuid = {46DC610A-DE1B-46A3-834E-6800AF158536}
	EndGlobalSection
EndGlobal
