
Microsoft Visual Studio Solution File, Format Version 12.00
# Visual Studio Version 17
VisualStudioVersion = 17.8.34525.116
MinimumVisualStudioVersion = 10.0.40219.1
Project("{9A19103F-16F7-4668-BE54-9A1E7A4F7556}") = "Guard.Bot", "Guard.Bot\Guard.Bot.csproj", "{67CB461F-B6F0-4D4B-BB10-B2D62C8F6818}"
EndProject
Project("{9A19103F-16F7-4668-BE54-9A1E7A4F7556}") = "Guard.Api", "Guard.Api\Guard.Api.csproj", "{6DD689BD-6074-439E-9420-A6B74814A695}"
EndProject
Project("{E53339B2-1760-4266-BCC7-CA923CBCF16C}") = "docker-compose", "docker-compose.dcproj", "{F9CD2A51-6C95-437C-A4DA-045191F6630F}"
EndProject
Global
	GlobalSection(SolutionConfigurationPlatforms) = preSolution
		Debug|Any CPU = Debug|Any CPU
		Release|Any CPU = Release|Any CPU
	EndGlobalSection
	GlobalSection(ProjectConfigurationPlatforms) = postSolution
		{67CB461F-B6F0-4D4B-BB10-B2D62C8F6818}.Debug|Any CPU.ActiveCfg = Debug|Any CPU
		{67CB461F-B6F0-4D4B-BB10-B2D62C8F6818}.Debug|Any CPU.Build.0 = Debug|Any CPU
		{67CB461F-B6F0-4D4B-BB10-B2D62C8F6818}.Release|Any CPU.ActiveCfg = Release|Any CPU
		{67CB461F-B6F0-4D4B-BB10-B2D62C8F6818}.Release|Any CPU.Build.0 = Release|Any CPU
		{6DD689BD-6074-439E-9420-A6B74814A695}.Debug|Any CPU.ActiveCfg = Debug|Any CPU
		{6DD689BD-6074-439E-9420-A6B74814A695}.Debug|Any CPU.Build.0 = Debug|Any CPU
		{6DD689BD-6074-439E-9420-A6B74814A695}.Release|Any CPU.ActiveCfg = Release|Any CPU
		{6DD689BD-6074-439E-9420-A6B74814A695}.Release|Any CPU.Build.0 = Release|Any CPU
		{F9CD2A51-6C95-437C-A4DA-045191F6630F}.Debug|Any CPU.ActiveCfg = Debug|Any CPU
		{F9CD2A51-6C95-437C-A4DA-045191F6630F}.Debug|Any CPU.Build.0 = Debug|Any CPU
		{F9CD2A51-6C95-437C-A4DA-045191F6630F}.Release|Any CPU.ActiveCfg = Release|Any CPU
		{F9CD2A51-6C95-437C-A4DA-045191F6630F}.Release|Any CPU.Build.0 = Release|Any CPU
	EndGlobalSection
	GlobalSection(SolutionProperties) = preSolution
		HideSolutionNode = FALSE
	EndGlobalSection
	GlobalSection(ExtensibilityGlobals) = postSolution
		SolutionGuid = {46DC610A-DE1B-46A3-834E-6800AF158536}
	EndGlobalSection
EndGlobal
